
Microsoft Visual Studio Solution File, Format Version 12.00
# Visual Studio 14
VisualStudioVersion = 14.0.25420.1
MinimumVisualStudioVersion = 10.0.40219.1
Project("{FAE04EC0-301F-11D3-BF4B-00C04F79EFBC}") = "DevDays.Renderers", "DevDays.Renderers\DevDays.Renderers\DevDays.Renderers.csproj", "{B2812B48-EC53-4244-8E3B-6CF436D5ACEE}"
EndProject
Project("{FAE04EC0-301F-11D3-BF4B-00C04F79EFBC}") = "DevDays.Renderers.Droid", "DevDays.Renderers\DevDays.Renderers.Droid\DevDays.Renderers.Droid.csproj", "{3F3244E5-CAB7-47C5-80C0-94ECE4E90AE8}"
EndProject
Project("{FAE04EC0-301F-11D3-BF4B-00C04F79EFBC}") = "DevDays.Renderers.iOS", "DevDays.Renderers\DevDays.Renderers.iOS\DevDays.Renderers.iOS.csproj", "{F2B7B55B-BDA8-4FC2-973A-CBAE4816215C}"
EndProject
Global
	GlobalSection(SolutionConfigurationPlatforms) = preSolution
		Ad-Hoc|Any CPU = Ad-Hoc|Any CPU
		Ad-Hoc|ARM = Ad-Hoc|ARM
		Ad-Hoc|iPhone = Ad-Hoc|iPhone
		Ad-Hoc|iPhoneSimulator = Ad-Hoc|iPhoneSimulator
		Ad-Hoc|x64 = Ad-Hoc|x64
		Ad-Hoc|x86 = Ad-Hoc|x86
		AppStore|Any CPU = AppStore|Any CPU
		AppStore|ARM = AppStore|ARM
		AppStore|iPhone = AppStore|iPhone
		AppStore|iPhoneSimulator = AppStore|iPhoneSimulator
		AppStore|x64 = AppStore|x64
		AppStore|x86 = AppStore|x86
		Debug|Any CPU = Debug|Any CPU
		Debug|ARM = Debug|ARM
		Debug|iPhone = Debug|iPhone
		Debug|iPhoneSimulator = Debug|iPhoneSimulator
		Debug|x64 = Debug|x64
		Debug|x86 = Debug|x86
		Release|Any CPU = Release|Any CPU
		Release|ARM = Release|ARM
		Release|iPhone = Release|iPhone
		Release|iPhoneSimulator = Release|iPhoneSimulator
		Release|x64 = Release|x64
		Release|x86 = Release|x86
	EndGlobalSection
	GlobalSection(ProjectConfigurationPlatforms) = postSolution
		{B2812B48-EC53-4244-8E3B-6CF436D5ACEE}.Ad-Hoc|Any CPU.ActiveCfg = Release|Any CPU
		{B2812B48-EC53-4244-8E3B-6CF436D5ACEE}.Ad-Hoc|Any CPU.Build.0 = Release|Any CPU
		{B2812B48-EC53-4244-8E3B-6CF436D5ACEE}.Ad-Hoc|ARM.ActiveCfg = Release|Any CPU
		{B2812B48-EC53-4244-8E3B-6CF436D5ACEE}.Ad-Hoc|ARM.Build.0 = Release|Any CPU
		{B2812B48-EC53-4244-8E3B-6CF436D5ACEE}.Ad-Hoc|iPhone.ActiveCfg = Release|Any CPU
		{B2812B48-EC53-4244-8E3B-6CF436D5ACEE}.Ad-Hoc|iPhone.Build.0 = Release|Any CPU
		{B2812B48-EC53-4244-8E3B-6CF436D5ACEE}.Ad-Hoc|iPhoneSimulator.ActiveCfg = Release|Any CPU
		{B2812B48-EC53-4244-8E3B-6CF436D5ACEE}.Ad-Hoc|iPhoneSimulator.Build.0 = Release|Any CPU
		{B2812B48-EC53-4244-8E3B-6CF436D5ACEE}.Ad-Hoc|x64.ActiveCfg = Release|Any CPU
		{B2812B48-EC53-4244-8E3B-6CF436D5ACEE}.Ad-Hoc|x64.Build.0 = Release|Any CPU
		{B2812B48-EC53-4244-8E3B-6CF436D5ACEE}.Ad-Hoc|x86.ActiveCfg = Release|Any CPU
		{B2812B48-EC53-4244-8E3B-6CF436D5ACEE}.Ad-Hoc|x86.Build.0 = Release|Any CPU
		{B2812B48-EC53-4244-8E3B-6CF436D5ACEE}.AppStore|Any CPU.ActiveCfg = Release|Any CPU
		{B2812B48-EC53-4244-8E3B-6CF436D5ACEE}.AppStore|Any CPU.Build.0 = Release|Any CPU
		{B2812B48-EC53-4244-8E3B-6CF436D5ACEE}.AppStore|ARM.ActiveCfg = Release|Any CPU
		{B2812B48-EC53-4244-8E3B-6CF436D5ACEE}.AppStore|ARM.Build.0 = Release|Any CPU
		{B2812B48-EC53-4244-8E3B-6CF436D5ACEE}.AppStore|iPhone.ActiveCfg = Release|Any CPU
		{B2812B48-EC53-4244-8E3B-6CF436D5ACEE}.AppStore|iPhone.Build.0 = Release|Any CPU
		{B2812B48-EC53-4244-8E3B-6CF436D5ACEE}.AppStore|iPhoneSimulator.ActiveCfg = Release|Any CPU
		{B2812B48-EC53-4244-8E3B-6CF436D5ACEE}.AppStore|iPhoneSimulator.Build.0 = Release|Any CPU
		{B2812B48-EC53-4244-8E3B-6CF436D5ACEE}.AppStore|x64.ActiveCfg = Release|Any CPU
		{B2812B48-EC53-4244-8E3B-6CF436D5ACEE}.AppStore|x64.Build.0 = Release|Any CPU
		{B2812B48-EC53-4244-8E3B-6CF436D5ACEE}.AppStore|x86.ActiveCfg = Release|Any CPU
		{B2812B48-EC53-4244-8E3B-6CF436D5ACEE}.AppStore|x86.Build.0 = Release|Any CPU
		{B2812B48-EC53-4244-8E3B-6CF436D5ACEE}.Debug|Any CPU.ActiveCfg = Debug|Any CPU
		{B2812B48-EC53-4244-8E3B-6CF436D5ACEE}.Debug|Any CPU.Build.0 = Debug|Any CPU
		{B2812B48-EC53-4244-8E3B-6CF436D5ACEE}.Debug|ARM.ActiveCfg = Debug|Any CPU
		{B2812B48-EC53-4244-8E3B-6CF436D5ACEE}.Debug|ARM.Build.0 = Debug|Any CPU
		{B2812B48-EC53-4244-8E3B-6CF436D5ACEE}.Debug|iPhone.ActiveCfg = Debug|Any CPU
		{B2812B48-EC53-4244-8E3B-6CF436D5ACEE}.Debug|iPhone.Build.0 = Debug|Any CPU
		{B2812B48-EC53-4244-8E3B-6CF436D5ACEE}.Debug|iPhoneSimulator.ActiveCfg = Debug|Any CPU
		{B2812B48-EC53-4244-8E3B-6CF436D5ACEE}.Debug|iPhoneSimulator.Build.0 = Debug|Any CPU
		{B2812B48-EC53-4244-8E3B-6CF436D5ACEE}.Debug|x64.ActiveCfg = Debug|Any CPU
		{B2812B48-EC53-4244-8E3B-6CF436D5ACEE}.Debug|x64.Build.0 = Debug|Any CPU
		{B2812B48-EC53-4244-8E3B-6CF436D5ACEE}.Debug|x86.ActiveCfg = Debug|Any CPU
		{B2812B48-EC53-4244-8E3B-6CF436D5ACEE}.Debug|x86.Build.0 = Debug|Any CPU
		{B2812B48-EC53-4244-8E3B-6CF436D5ACEE}.Release|Any CPU.ActiveCfg = Release|Any CPU
		{B2812B48-EC53-4244-8E3B-6CF436D5ACEE}.Release|Any CPU.Build.0 = Release|Any CPU
		{B2812B48-EC53-4244-8E3B-6CF436D5ACEE}.Release|ARM.ActiveCfg = Release|Any CPU
		{B2812B48-EC53-4244-8E3B-6CF436D5ACEE}.Release|ARM.Build.0 = Release|Any CPU
		{B2812B48-EC53-4244-8E3B-6CF436D5ACEE}.Release|iPhone.ActiveCfg = Release|Any CPU
		{B2812B48-EC53-4244-8E3B-6CF436D5ACEE}.Release|iPhone.Build.0 = Release|Any CPU
		{B2812B48-EC53-4244-8E3B-6CF436D5ACEE}.Release|iPhoneSimulator.ActiveCfg = Release|Any CPU
		{B2812B48-EC53-4244-8E3B-6CF436D5ACEE}.Release|iPhoneSimulator.Build.0 = Release|Any CPU
		{B2812B48-EC53-4244-8E3B-6CF436D5ACEE}.Release|x64.ActiveCfg = Release|Any CPU
		{B2812B48-EC53-4244-8E3B-6CF436D5ACEE}.Release|x64.Build.0 = Release|Any CPU
		{B2812B48-EC53-4244-8E3B-6CF436D5ACEE}.Release|x86.ActiveCfg = Release|Any CPU
		{B2812B48-EC53-4244-8E3B-6CF436D5ACEE}.Release|x86.Build.0 = Release|Any CPU
		{3F3244E5-CAB7-47C5-80C0-94ECE4E90AE8}.Ad-Hoc|Any CPU.ActiveCfg = Release|Any CPU
		{3F3244E5-CAB7-47C5-80C0-94ECE4E90AE8}.Ad-Hoc|Any CPU.Build.0 = Release|Any CPU
		{3F3244E5-CAB7-47C5-80C0-94ECE4E90AE8}.Ad-Hoc|Any CPU.Deploy.0 = Release|Any CPU
		{3F3244E5-CAB7-47C5-80C0-94ECE4E90AE8}.Ad-Hoc|ARM.ActiveCfg = Release|Any CPU
		{3F3244E5-CAB7-47C5-80C0-94ECE4E90AE8}.Ad-Hoc|ARM.Build.0 = Release|Any CPU
		{3F3244E5-CAB7-47C5-80C0-94ECE4E90AE8}.Ad-Hoc|ARM.Deploy.0 = Release|Any CPU
		{3F3244E5-CAB7-47C5-80C0-94ECE4E90AE8}.Ad-Hoc|iPhone.ActiveCfg = Release|Any CPU
		{3F3244E5-CAB7-47C5-80C0-94ECE4E90AE8}.Ad-Hoc|iPhone.Build.0 = Release|Any CPU
		{3F3244E5-CAB7-47C5-80C0-94ECE4E90AE8}.Ad-Hoc|iPhone.Deploy.0 = Release|Any CPU
		{3F3244E5-CAB7-47C5-80C0-94ECE4E90AE8}.Ad-Hoc|iPhoneSimulator.ActiveCfg = Release|Any CPU
		{3F3244E5-CAB7-47C5-80C0-94ECE4E90AE8}.Ad-Hoc|iPhoneSimulator.Build.0 = Release|Any CPU
		{3F3244E5-CAB7-47C5-80C0-94ECE4E90AE8}.Ad-Hoc|iPhoneSimulator.Deploy.0 = Release|Any CPU
		{3F3244E5-CAB7-47C5-80C0-94ECE4E90AE8}.Ad-Hoc|x64.ActiveCfg = Release|Any CPU
		{3F3244E5-CAB7-47C5-80C0-94ECE4E90AE8}.Ad-Hoc|x64.Build.0 = Release|Any CPU
		{3F3244E5-CAB7-47C5-80C0-94ECE4E90AE8}.Ad-Hoc|x64.Deploy.0 = Release|Any CPU
		{3F3244E5-CAB7-47C5-80C0-94ECE4E90AE8}.Ad-Hoc|x86.ActiveCfg = Release|Any CPU
		{3F3244E5-CAB7-47C5-80C0-94ECE4E90AE8}.Ad-Hoc|x86.Build.0 = Release|Any CPU
		{3F3244E5-CAB7-47C5-80C0-94ECE4E90AE8}.Ad-Hoc|x86.Deploy.0 = Release|Any CPU
		{3F3244E5-CAB7-47C5-80C0-94ECE4E90AE8}.AppStore|Any CPU.ActiveCfg = Release|Any CPU
		{3F3244E5-CAB7-47C5-80C0-94ECE4E90AE8}.AppStore|Any CPU.Build.0 = Release|Any CPU
		{3F3244E5-CAB7-47C5-80C0-94ECE4E90AE8}.AppStore|Any CPU.Deploy.0 = Release|Any CPU
		{3F3244E5-CAB7-47C5-80C0-94ECE4E90AE8}.AppStore|ARM.ActiveCfg = Release|Any CPU
		{3F3244E5-CAB7-47C5-80C0-94ECE4E90AE8}.AppStore|ARM.Build.0 = Release|Any CPU
		{3F3244E5-CAB7-47C5-80C0-94ECE4E90AE8}.AppStore|ARM.Deploy.0 = Release|Any CPU
		{3F3244E5-CAB7-47C5-80C0-94ECE4E90AE8}.AppStore|iPhone.ActiveCfg = Release|Any CPU
		{3F3244E5-CAB7-47C5-80C0-94ECE4E90AE8}.AppStore|iPhone.Build.0 = Release|Any CPU
		{3F3244E5-CAB7-47C5-80C0-94ECE4E90AE8}.AppStore|iPhone.Deploy.0 = Release|Any CPU
		{3F3244E5-CAB7-47C5-80C0-94ECE4E90AE8}.AppStore|iPhoneSimulator.ActiveCfg = Release|Any CPU
		{3F3244E5-CAB7-47C5-80C0-94ECE4E90AE8}.AppStore|iPhoneSimulator.Build.0 = Release|Any CPU
		{3F3244E5-CAB7-47C5-80C0-94ECE4E90AE8}.AppStore|iPhoneSimulator.Deploy.0 = Release|Any CPU
		{3F3244E5-CAB7-47C5-80C0-94ECE4E90AE8}.AppStore|x64.ActiveCfg = Release|Any CPU
		{3F3244E5-CAB7-47C5-80C0-94ECE4E90AE8}.AppStore|x64.Build.0 = Release|Any CPU
		{3F3244E5-CAB7-47C5-80C0-94ECE4E90AE8}.AppStore|x64.Deploy.0 = Release|Any CPU
		{3F3244E5-CAB7-47C5-80C0-94ECE4E90AE8}.AppStore|x86.ActiveCfg = Release|Any CPU
		{3F3244E5-CAB7-47C5-80C0-94ECE4E90AE8}.AppStore|x86.Build.0 = Release|Any CPU
		{3F3244E5-CAB7-47C5-80C0-94ECE4E90AE8}.AppStore|x86.Deploy.0 = Release|Any CPU
		{3F3244E5-CAB7-47C5-80C0-94ECE4E90AE8}.Debug|Any CPU.ActiveCfg = Debug|Any CPU
		{3F3244E5-CAB7-47C5-80C0-94ECE4E90AE8}.Debug|Any CPU.Build.0 = Debug|Any CPU
		{3F3244E5-CAB7-47C5-80C0-94ECE4E90AE8}.Debug|Any CPU.Deploy.0 = Debug|Any CPU
		{3F3244E5-CAB7-47C5-80C0-94ECE4E90AE8}.Debug|ARM.ActiveCfg = Debug|Any CPU
		{3F3244E5-CAB7-47C5-80C0-94ECE4E90AE8}.Debug|ARM.Build.0 = Debug|Any CPU
		{3F3244E5-CAB7-47C5-80C0-94ECE4E90AE8}.Debug|ARM.Deploy.0 = Debug|Any CPU
		{3F3244E5-CAB7-47C5-80C0-94ECE4E90AE8}.Debug|iPhone.ActiveCfg = Debug|Any CPU
		{3F3244E5-CAB7-47C5-80C0-94ECE4E90AE8}.Debug|iPhone.Build.0 = Debug|Any CPU
		{3F3244E5-CAB7-47C5-80C0-94ECE4E90AE8}.Debug|iPhone.Deploy.0 = Debug|Any CPU
		{3F3244E5-CAB7-47C5-80C0-94ECE4E90AE8}.Debug|iPhoneSimulator.ActiveCfg = Debug|Any CPU
		{3F3244E5-CAB7-47C5-80C0-94ECE4E90AE8}.Debug|iPhoneSimulator.Build.0 = Debug|Any CPU
		{3F3244E5-CAB7-47C5-80C0-94ECE4E90AE8}.Debug|iPhoneSimulator.Deploy.0 = Debug|Any CPU
		{3F3244E5-CAB7-47C5-80C0-94ECE4E90AE8}.Debug|x64.ActiveCfg = Debug|Any CPU
		{3F3244E5-CAB7-47C5-80C0-94ECE4E90AE8}.Debug|x64.Build.0 = Debug|Any CPU
		{3F3244E5-CAB7-47C5-80C0-94ECE4E90AE8}.Debug|x64.Deploy.0 = Debug|Any CPU
		{3F3244E5-CAB7-47C5-80C0-94ECE4E90AE8}.Debug|x86.ActiveCfg = Debug|Any CPU
		{3F3244E5-CAB7-47C5-80C0-94ECE4E90AE8}.Debug|x86.Build.0 = Debug|Any CPU
		{3F3244E5-CAB7-47C5-80C0-94ECE4E90AE8}.Debug|x86.Deploy.0 = Debug|Any CPU
		{3F3244E5-CAB7-47C5-80C0-94ECE4E90AE8}.Release|Any CPU.ActiveCfg = Release|Any CPU
		{3F3244E5-CAB7-47C5-80C0-94ECE4E90AE8}.Release|Any CPU.Build.0 = Release|Any CPU
		{3F3244E5-CAB7-47C5-80C0-94ECE4E90AE8}.Release|Any CPU.Deploy.0 = Release|Any CPU
		{3F3244E5-CAB7-47C5-80C0-94ECE4E90AE8}.Release|ARM.ActiveCfg = Release|Any CPU
		{3F3244E5-CAB7-47C5-80C0-94ECE4E90AE8}.Release|ARM.Build.0 = Release|Any CPU
		{3F3244E5-CAB7-47C5-80C0-94ECE4E90AE8}.Release|ARM.Deploy.0 = Release|Any CPU
		{3F3244E5-CAB7-47C5-80C0-94ECE4E90AE8}.Release|iPhone.ActiveCfg = Release|Any CPU
		{3F3244E5-CAB7-47C5-80C0-94ECE4E90AE8}.Release|iPhone.Build.0 = Release|Any CPU
		{3F3244E5-CAB7-47C5-80C0-94ECE4E90AE8}.Release|iPhone.Deploy.0 = Release|Any CPU
		{3F3244E5-CAB7-47C5-80C0-94ECE4E90AE8}.Release|iPhoneSimulator.ActiveCfg = Release|Any CPU
		{3F3244E5-CAB7-47C5-80C0-94ECE4E90AE8}.Release|iPhoneSimulator.Build.0 = Release|Any CPU
		{3F3244E5-CAB7-47C5-80C0-94ECE4E90AE8}.Release|iPhoneSimulator.Deploy.0 = Release|Any CPU
		{3F3244E5-CAB7-47C5-80C0-94ECE4E90AE8}.Release|x64.ActiveCfg = Release|Any CPU
		{3F3244E5-CAB7-47C5-80C0-94ECE4E90AE8}.Release|x64.Build.0 = Release|Any CPU
		{3F3244E5-CAB7-47C5-80C0-94ECE4E90AE8}.Release|x64.Deploy.0 = Release|Any CPU
		{3F3244E5-CAB7-47C5-80C0-94ECE4E90AE8}.Release|x86.ActiveCfg = Release|Any CPU
		{3F3244E5-CAB7-47C5-80C0-94ECE4E90AE8}.Release|x86.Build.0 = Release|Any CPU
		{3F3244E5-CAB7-47C5-80C0-94ECE4E90AE8}.Release|x86.Deploy.0 = Release|Any CPU
		{F2B7B55B-BDA8-4FC2-973A-CBAE4816215C}.Ad-Hoc|Any CPU.ActiveCfg = Ad-Hoc|iPhone
		{F2B7B55B-BDA8-4FC2-973A-CBAE4816215C}.Ad-Hoc|ARM.ActiveCfg = Ad-Hoc|iPhone
		{F2B7B55B-BDA8-4FC2-973A-CBAE4816215C}.Ad-Hoc|iPhone.ActiveCfg = Ad-Hoc|iPhone
		{F2B7B55B-BDA8-4FC2-973A-CBAE4816215C}.Ad-Hoc|iPhone.Build.0 = Ad-Hoc|iPhone
		{F2B7B55B-BDA8-4FC2-973A-CBAE4816215C}.Ad-Hoc|iPhoneSimulator.ActiveCfg = Ad-Hoc|iPhoneSimulator
		{F2B7B55B-BDA8-4FC2-973A-CBAE4816215C}.Ad-Hoc|iPhoneSimulator.Build.0 = Ad-Hoc|iPhoneSimulator
		{F2B7B55B-BDA8-4FC2-973A-CBAE4816215C}.Ad-Hoc|x64.ActiveCfg = Ad-Hoc|iPhone
		{F2B7B55B-BDA8-4FC2-973A-CBAE4816215C}.Ad-Hoc|x86.ActiveCfg = Ad-Hoc|iPhone
		{F2B7B55B-BDA8-4FC2-973A-CBAE4816215C}.AppStore|Any CPU.ActiveCfg = AppStore|iPhone
		{F2B7B55B-BDA8-4FC2-973A-CBAE4816215C}.AppStore|ARM.ActiveCfg = AppStore|iPhone
		{F2B7B55B-BDA8-4FC2-973A-CBAE4816215C}.AppStore|iPhone.ActiveCfg = AppStore|iPhone
		{F2B7B55B-BDA8-4FC2-973A-CBAE4816215C}.AppStore|iPhone.Build.0 = AppStore|iPhone
		{F2B7B55B-BDA8-4FC2-973A-CBAE4816215C}.AppStore|iPhoneSimulator.ActiveCfg = AppStore|iPhoneSimulator
		{F2B7B55B-BDA8-4FC2-973A-CBAE4816215C}.AppStore|iPhoneSimulator.Build.0 = AppStore|iPhoneSimulator
		{F2B7B55B-BDA8-4FC2-973A-CBAE4816215C}.AppStore|x64.ActiveCfg = AppStore|iPhone
		{F2B7B55B-BDA8-4FC2-973A-CBAE4816215C}.AppStore|x86.ActiveCfg = AppStore|iPhone
		{F2B7B55B-BDA8-4FC2-973A-CBAE4816215C}.Debug|Any CPU.ActiveCfg = Debug|iPhone
		{F2B7B55B-BDA8-4FC2-973A-CBAE4816215C}.Debug|ARM.ActiveCfg = Debug|iPhone
		{F2B7B55B-BDA8-4FC2-973A-CBAE4816215C}.Debug|iPhone.ActiveCfg = Debug|iPhone
		{F2B7B55B-BDA8-4FC2-973A-CBAE4816215C}.Debug|iPhone.Build.0 = Debug|iPhone
		{F2B7B55B-BDA8-4FC2-973A-CBAE4816215C}.Debug|iPhoneSimulator.ActiveCfg = Debug|iPhoneSimulator
		{F2B7B55B-BDA8-4FC2-973A-CBAE4816215C}.Debug|iPhoneSimulator.Build.0 = Debug|iPhoneSimulator
		{F2B7B55B-BDA8-4FC2-973A-CBAE4816215C}.Debug|x64.ActiveCfg = Debug|iPhone
		{F2B7B55B-BDA8-4FC2-973A-CBAE4816215C}.Debug|x86.ActiveCfg = Debug|iPhone
		{F2B7B55B-BDA8-4FC2-973A-CBAE4816215C}.Release|Any CPU.ActiveCfg = Release|iPhone
		{F2B7B55B-BDA8-4FC2-973A-CBAE4816215C}.Release|ARM.ActiveCfg = Release|iPhone
		{F2B7B55B-BDA8-4FC2-973A-CBAE4816215C}.Release|iPhone.ActiveCfg = Release|iPhone
		{F2B7B55B-BDA8-4FC2-973A-CBAE4816215C}.Release|iPhone.Build.0 = Release|iPhone
		{F2B7B55B-BDA8-4FC2-973A-CBAE4816215C}.Release|iPhoneSimulator.ActiveCfg = Release|iPhoneSimulator
		{F2B7B55B-BDA8-4FC2-973A-CBAE4816215C}.Release|iPhoneSimulator.Build.0 = Release|iPhoneSimulator
		{F2B7B55B-BDA8-4FC2-973A-CBAE4816215C}.Release|x64.ActiveCfg = Release|iPhone
		{F2B7B55B-BDA8-4FC2-973A-CBAE4816215C}.Release|x86.ActiveCfg = Release|iPhone
	EndGlobalSection
	GlobalSection(SolutionProperties) = preSolution
		HideSolutionNode = FALSE
	EndGlobalSection
EndGlobal
